
Microsoft Visual Studio Solution File, Format Version 12.00
# Visual Studio Version 17
VisualStudioVersion = 17.8.34408.163
MinimumVisualStudioVersion = 10.0.40219.1
Project("{FAE04EC0-301F-11D3-BF4B-00C04F79EFBC}") = "Szamrendszerek", "Szamrendszerek\Szamrendszerek.csproj", "{F3B6E7AA-69A3-46A6-8C99-FAFC29B667AF}"
EndProject
Project("{2150E333-8FDC-42A3-9474-1A3956D46DE8}") = "Solution Items", "Solution Items", "{10CABB4E-F992-4820-BEC5-6A86250F3F39}"
	ProjectSection(SolutionItems) = preProject
		.gitignore = .gitignore
	EndProjectSection
EndProject
Global
	GlobalSection(SolutionConfigurationPlatforms) = preSolution
		Debug|Any CPU = Debug|Any CPU
		Release|Any CPU = Release|Any CPU
	EndGlobalSection
	GlobalSection(ProjectConfigurationPlatforms) = postSolution
		{F3B6E7AA-69A3-46A6-8C99-FAFC29B667AF}.Debug|Any CPU.ActiveCfg = Debug|Any CPU
		{F3B6E7AA-69A3-46A6-8C99-FAFC29B667AF}.Debug|Any CPU.Build.0 = Debug|Any CPU
		{F3B6E7AA-69A3-46A6-8C99-FAFC29B667AF}.Release|Any CPU.ActiveCfg = Release|Any CPU
		{F3B6E7AA-69A3-46A6-8C99-FAFC29B667AF}.Release|Any CPU.Build.0 = Release|Any CPU
	EndGlobalSection
	GlobalSection(SolutionProperties) = preSolution
		HideSolutionNode = FALSE
	EndGlobalSection
	GlobalSection(ExtensibilityGlobals) = postSolution
		SolutionGuid = {703D1375-80B1-4E84-8696-0CE95ED3A9DF}
	EndGlobalSection
EndGlobal
